
Microsoft Visual Studio Solution File, Format Version 12.00
# Visual Studio Version 17
VisualStudioVersion = 17.4.33122.133
MinimumVisualStudioVersion = 10.0.40219.1
Project("{9A19103F-16F7-4668-BE54-9A1E7A4F7556}") = "Screen Sound", "Screen Sound.csproj", "{87DF5E9C-281D-4B5B-9336-C2C46CFD51A7}"
EndProject
Global
	GlobalSection(SolutionConfigurationPlatforms) = preSolution
		Debug|Any CPU = Debug|Any CPU
		Release|Any CPU = Release|Any CPU
	EndGlobalSection
	GlobalSection(ProjectConfigurationPlatforms) = postSolution
		{87DF5E9C-281D-4B5B-9336-C2C46CFD51A7}.Debug|Any CPU.ActiveCfg = Debug|Any CPU
		{87DF5E9C-281D-4B5B-9336-C2C46CFD51A7}.Debug|Any CPU.Build.0 = Debug|Any CPU
		{87DF5E9C-281D-4B5B-9336-C2C46CFD51A7}.Release|Any CPU.ActiveCfg = Release|Any CPU
		{87DF5E9C-281D-4B5B-9336-C2C46CFD51A7}.Release|Any CPU.Build.0 = Release|Any CPU
	EndGlobalSection
	GlobalSection(SolutionProperties) = preSolution
		HideSolutionNode = FALSE
	EndGlobalSection
	GlobalSection(ExtensibilityGlobals) = postSolution
		SolutionGuid = {97BD4BAD-C214-4228-ACC4-2EE94A34E547}
	EndGlobalSection
EndGlobal
